
Microsoft Visual Studio Solution File, Format Version 12.00
# Visual Studio 15
VisualStudioVersion = 15.0.27428.2037
MinimumVisualStudioVersion = 10.0.40219.1
Project("{FAE04EC0-301F-11D3-BF4B-00C04F79EFBC}") = "VesperBoatClubLogBook", "VesperBoatClubLogBook\VesperBoatClubLogBook.csproj", "{1401E961-5459-4846-B739-F8399AE3D593}"
EndProject
Project("{2150E333-8FDC-42A3-9474-1A3956D46DE8}") = "4 Application", "4 Application", "{DEDFC335-84F0-4AEA-92E4-4B2B73F58C73}"
EndProject
Project("{2150E333-8FDC-42A3-9474-1A3956D46DE8}") = "1 Common", "1 Common", "{0B6C7879-4839-458C-AE73-409E6D844699}"
EndProject
Project("{2150E333-8FDC-42A3-9474-1A3956D46DE8}") = "2 DataAccess", "2 DataAccess", "{2CB2654B-1E36-4BCF-9CC2-674CDBCD590F}"
EndProject
Project("{2150E333-8FDC-42A3-9474-1A3956D46DE8}") = "3 Service", "3 Service", "{34BB3CAF-01FD-44A6-A495-642A32884D17}"
EndProject
Project("{FAE04EC0-301F-11D3-BF4B-00C04F79EFBC}") = "Common", "Common\Common.csproj", "{FFE3C531-A7D3-40A4-978C-59F7D21E7FDC}"
EndProject
Project("{FAE04EC0-301F-11D3-BF4B-00C04F79EFBC}") = "Vesper.LogBook.Common", "Vesper.LogBook.Common\Vesper.LogBook.Common.csproj", "{9BA36EA4-DDCD-4833-B3FF-4FC60490F675}"
EndProject
Project("{FAE04EC0-301F-11D3-BF4B-00C04F79EFBC}") = "DataAccess", "DataAccess\DataAccess.csproj", "{1AE449E6-D0D5-405C-A276-478890C890C8}"
EndProject
Project("{FAE04EC0-301F-11D3-BF4B-00C04F79EFBC}") = "Vesper.LogBook.DataAccess", "Vesper.LogBook.DataAccess\Vesper.LogBook.DataAccess.csproj", "{5EE83DB5-F633-4978-911A-59DE91B48045}"
EndProject
Project("{FAE04EC0-301F-11D3-BF4B-00C04F79EFBC}") = "Vesper.Reports.Common", "Vesper.Reports.Common\Vesper.Reports.Common.csproj", "{1A6135A9-2C14-4821-B349-86E2B396EABB}"
EndProject
Project("{FAE04EC0-301F-11D3-BF4B-00C04F79EFBC}") = "Vesper.Reports.DataAccess", "Vesper.Reports.DataAccess\Vesper.Reports.DataAccess.csproj", "{8ECA1294-3D58-4D73-A218-0F3D3E005628}"
EndProject
Project("{FAE04EC0-301F-11D3-BF4B-00C04F79EFBC}") = "Vesper.LogBook.LogBookService", "Vesper.LogBook.LogBookService\Vesper.LogBook.LogBookService.csproj", "{AC7AA7EC-C092-45B4-945D-CA1070B34812}"
EndProject
Project("{FAE04EC0-301F-11D3-BF4B-00C04F79EFBC}") = "Vesper.Logbook.LogBookServiceContract", "Vesper.Logbook.LogBookServiceContract\Vesper.Logbook.LogBookServiceContract.csproj", "{3FF37C75-5715-454A-907D-C41439D9D133}"
EndProject
Project("{FAE04EC0-301F-11D3-BF4B-00C04F79EFBC}") = "Vesper.Reports.ReportService", "Vesper.Reports.ReportService\Vesper.Reports.ReportService.csproj", "{6C73DF25-CBA9-474A-A455-269E85DA4427}"
EndProject
Project("{FAE04EC0-301F-11D3-BF4B-00C04F79EFBC}") = "Vesper.Reports.ReportServiceContract", "Vesper.Reports.ReportServiceContract\Vesper.Reports.ReportServiceContract.csproj", "{E496221E-58BE-48C9-8E75-7A59F64C4944}"
EndProject
Global
	GlobalSection(SolutionConfigurationPlatforms) = preSolution
		Debug|Any CPU = Debug|Any CPU
		Release|Any CPU = Release|Any CPU
	EndGlobalSection
	GlobalSection(ProjectConfigurationPlatforms) = postSolution
		{1401E961-5459-4846-B739-F8399AE3D593}.Debug|Any CPU.ActiveCfg = Debug|Any CPU
		{1401E961-5459-4846-B739-F8399AE3D593}.Debug|Any CPU.Build.0 = Debug|Any CPU
		{1401E961-5459-4846-B739-F8399AE3D593}.Release|Any CPU.ActiveCfg = Release|Any CPU
		{1401E961-5459-4846-B739-F8399AE3D593}.Release|Any CPU.Build.0 = Release|Any CPU
		{FFE3C531-A7D3-40A4-978C-59F7D21E7FDC}.Debug|Any CPU.ActiveCfg = Debug|Any CPU
		{FFE3C531-A7D3-40A4-978C-59F7D21E7FDC}.Debug|Any CPU.Build.0 = Debug|Any CPU
		{FFE3C531-A7D3-40A4-978C-59F7D21E7FDC}.Release|Any CPU.ActiveCfg = Release|Any CPU
		{FFE3C531-A7D3-40A4-978C-59F7D21E7FDC}.Release|Any CPU.Build.0 = Release|Any CPU
		{9BA36EA4-DDCD-4833-B3FF-4FC60490F675}.Debug|Any CPU.ActiveCfg = Debug|Any CPU
		{9BA36EA4-DDCD-4833-B3FF-4FC60490F675}.Debug|Any CPU.Build.0 = Debug|Any CPU
		{9BA36EA4-DDCD-4833-B3FF-4FC60490F675}.Release|Any CPU.ActiveCfg = Release|Any CPU
		{9BA36EA4-DDCD-4833-B3FF-4FC60490F675}.Release|Any CPU.Build.0 = Release|Any CPU
		{1AE449E6-D0D5-405C-A276-478890C890C8}.Debug|Any CPU.ActiveCfg = Debug|Any CPU
		{1AE449E6-D0D5-405C-A276-478890C890C8}.Debug|Any CPU.Build.0 = Debug|Any CPU
		{1AE449E6-D0D5-405C-A276-478890C890C8}.Release|Any CPU.ActiveCfg = Release|Any CPU
		{1AE449E6-D0D5-405C-A276-478890C890C8}.Release|Any CPU.Build.0 = Release|Any CPU
		{5EE83DB5-F633-4978-911A-59DE91B48045}.Debug|Any CPU.ActiveCfg = Debug|Any CPU
		{5EE83DB5-F633-4978-911A-59DE91B48045}.Debug|Any CPU.Build.0 = Debug|Any CPU
		{5EE83DB5-F633-4978-911A-59DE91B48045}.Release|Any CPU.ActiveCfg = Release|Any CPU
		{5EE83DB5-F633-4978-911A-59DE91B48045}.Release|Any CPU.Build.0 = Release|Any CPU
		{1A6135A9-2C14-4821-B349-86E2B396EABB}.Debug|Any CPU.ActiveCfg = Debug|Any CPU
		{1A6135A9-2C14-4821-B349-86E2B396EABB}.Debug|Any CPU.Build.0 = Debug|Any CPU
		{1A6135A9-2C14-4821-B349-86E2B396EABB}.Release|Any CPU.ActiveCfg = Release|Any CPU
		{1A6135A9-2C14-4821-B349-86E2B396EABB}.Release|Any CPU.Build.0 = Release|Any CPU
		{8ECA1294-3D58-4D73-A218-0F3D3E005628}.Debug|Any CPU.ActiveCfg = Debug|Any CPU
		{8ECA1294-3D58-4D73-A218-0F3D3E005628}.Debug|Any CPU.Build.0 = Debug|Any CPU
		{8ECA1294-3D58-4D73-A218-0F3D3E005628}.Release|Any CPU.ActiveCfg = Release|Any CPU
		{8ECA1294-3D58-4D73-A218-0F3D3E005628}.Release|Any CPU.Build.0 = Release|Any CPU
		{AC7AA7EC-C092-45B4-945D-CA1070B34812}.Debug|Any CPU.ActiveCfg = Debug|Any CPU
		{AC7AA7EC-C092-45B4-945D-CA1070B34812}.Debug|Any CPU.Build.0 = Debug|Any CPU
		{AC7AA7EC-C092-45B4-945D-CA1070B34812}.Release|Any CPU.ActiveCfg = Release|Any CPU
		{AC7AA7EC-C092-45B4-945D-CA1070B34812}.Release|Any CPU.Build.0 = Release|Any CPU
		{3FF37C75-5715-454A-907D-C41439D9D133}.Debug|Any CPU.ActiveCfg = Debug|Any CPU
		{3FF37C75-5715-454A-907D-C41439D9D133}.Debug|Any CPU.Build.0 = Debug|Any CPU
		{3FF37C75-5715-454A-907D-C41439D9D133}.Release|Any CPU.ActiveCfg = Release|Any CPU
		{3FF37C75-5715-454A-907D-C41439D9D133}.Release|Any CPU.Build.0 = Release|Any CPU
		{6C73DF25-CBA9-474A-A455-269E85DA4427}.Debug|Any CPU.ActiveCfg = Debug|Any CPU
		{6C73DF25-CBA9-474A-A455-269E85DA4427}.Debug|Any CPU.Build.0 = Debug|Any CPU
		{6C73DF25-CBA9-474A-A455-269E85DA4427}.Release|Any CPU.ActiveCfg = Release|Any CPU
		{6C73DF25-CBA9-474A-A455-269E85DA4427}.Release|Any CPU.Build.0 = Release|Any CPU
		{E496221E-58BE-48C9-8E75-7A59F64C4944}.Debug|Any CPU.ActiveCfg = Debug|Any CPU
		{E496221E-58BE-48C9-8E75-7A59F64C4944}.Debug|Any CPU.Build.0 = Debug|Any CPU
		{E496221E-58BE-48C9-8E75-7A59F64C4944}.Release|Any CPU.ActiveCfg = Release|Any CPU
		{E496221E-58BE-48C9-8E75-7A59F64C4944}.Release|Any CPU.Build.0 = Release|Any CPU
	EndGlobalSection
	GlobalSection(SolutionProperties) = preSolution
		HideSolutionNode = FALSE
	EndGlobalSection
	GlobalSection(NestedProjects) = preSolution
		{1401E961-5459-4846-B739-F8399AE3D593} = {DEDFC335-84F0-4AEA-92E4-4B2B73F58C73}
		{FFE3C531-A7D3-40A4-978C-59F7D21E7FDC} = {0B6C7879-4839-458C-AE73-409E6D844699}
		{9BA36EA4-DDCD-4833-B3FF-4FC60490F675} = {0B6C7879-4839-458C-AE73-409E6D844699}
		{1AE449E6-D0D5-405C-A276-478890C890C8} = {2CB2654B-1E36-4BCF-9CC2-674CDBCD590F}
		{5EE83DB5-F633-4978-911A-59DE91B48045} = {2CB2654B-1E36-4BCF-9CC2-674CDBCD590F}
		{1A6135A9-2C14-4821-B349-86E2B396EABB} = {0B6C7879-4839-458C-AE73-409E6D844699}
		{8ECA1294-3D58-4D73-A218-0F3D3E005628} = {2CB2654B-1E36-4BCF-9CC2-674CDBCD590F}
		{AC7AA7EC-C092-45B4-945D-CA1070B34812} = {34BB3CAF-01FD-44A6-A495-642A32884D17}
		{3FF37C75-5715-454A-907D-C41439D9D133} = {34BB3CAF-01FD-44A6-A495-642A32884D17}
		{6C73DF25-CBA9-474A-A455-269E85DA4427} = {34BB3CAF-01FD-44A6-A495-642A32884D17}
		{E496221E-58BE-48C9-8E75-7A59F64C4944} = {34BB3CAF-01FD-44A6-A495-642A32884D17}
	EndGlobalSection
	GlobalSection(ExtensibilityGlobals) = postSolution
		SolutionGuid = {54CA1035-9858-478C-8C74-1B2DA092EEDC}
	EndGlobalSection
EndGlobal
